
Microsoft Visual Studio Solution File, Format Version 12.00
# Visual Studio Version 17
VisualStudioVersion = 17.4.33122.133
MinimumVisualStudioVersion = 10.0.40219.1
Project("{FAE04EC0-301F-11D3-BF4B-00C04F79EFBC}") = "PracticaLINQ", "PracticaLINQ\PracticaLINQ.csproj", "{C7870E64-3A68-43B0-85F5-AD60AADF58B7}"
EndProject
Global
	GlobalSection(SolutionConfigurationPlatforms) = preSolution
		Debug|Any CPU = Debug|Any CPU
		Release|Any CPU = Release|Any CPU
	EndGlobalSection
	GlobalSection(ProjectConfigurationPlatforms) = postSolution
		{C7870E64-3A68-43B0-85F5-AD60AADF58B7}.Debug|Any CPU.ActiveCfg = Debug|Any CPU
		{C7870E64-3A68-43B0-85F5-AD60AADF58B7}.Debug|Any CPU.Build.0 = Debug|Any CPU
		{C7870E64-3A68-43B0-85F5-AD60AADF58B7}.Release|Any CPU.ActiveCfg = Release|Any CPU
		{C7870E64-3A68-43B0-85F5-AD60AADF58B7}.Release|Any CPU.Build.0 = Release|Any CPU
	EndGlobalSection
	GlobalSection(SolutionProperties) = preSolution
		HideSolutionNode = FALSE
	EndGlobalSection
	GlobalSection(ExtensibilityGlobals) = postSolution
		SolutionGuid = {D7B008B0-6D78-4752-B47A-479A3F2DDEE6}
	EndGlobalSection
EndGlobal
