
Microsoft Visual Studio Solution File, Format Version 12.00
# Visual Studio Version 17
VisualStudioVersion = 17.3.32929.385
MinimumVisualStudioVersion = 10.0.40219.1
Project("{FAE04EC0-301F-11D3-BF4B-00C04F79EFBC}") = "Practica", "Practica\Practica.csproj", "{E8433914-E5B4-4ED1-8639-11003F59ABED}"
EndProject
Global
	GlobalSection(SolutionConfigurationPlatforms) = preSolution
		Debug|Any CPU = Debug|Any CPU
		Release|Any CPU = Release|Any CPU
	EndGlobalSection
	GlobalSection(ProjectConfigurationPlatforms) = postSolution
		{E8433914-E5B4-4ED1-8639-11003F59ABED}.Debug|Any CPU.ActiveCfg = Debug|Any CPU
		{E8433914-E5B4-4ED1-8639-11003F59ABED}.Debug|Any CPU.Build.0 = Debug|Any CPU
		{E8433914-E5B4-4ED1-8639-11003F59ABED}.Release|Any CPU.ActiveCfg = Release|Any CPU
		{E8433914-E5B4-4ED1-8639-11003F59ABED}.Release|Any CPU.Build.0 = Release|Any CPU
	EndGlobalSection
	GlobalSection(SolutionProperties) = preSolution
		HideSolutionNode = FALSE
	EndGlobalSection
	GlobalSection(ExtensibilityGlobals) = postSolution
		SolutionGuid = {FC547F7B-BAEA-475D-8E8A-48C4BA01379F}
	EndGlobalSection
EndGlobal
